# THIS IS AN AUTOGENERATED FILE. DO NOT EDIT THIS FILE DIRECTLY.
# yarn lockfile v1


"@cypress/react@^8.0.0":
  version "8.0.0"
  resolved "https://registry.yarnpkg.com/@cypress/react/-/react-8.0.0.tgz#9ed7a04284d149e65ad7ae9dc35aa2a20c2c4e57"
  integrity sha512-3fnW1ow+GZVCdVHikSoYBWMZCKpaRIJe76vA7a1qS7MYXSeX/xs+VgIIrZmnM1fnc23w5nHtWh4bjGCyTfWyXA==
